
Microsoft Visual Studio Solution File, Format Version 12.00
# Visual Studio Version 16
VisualStudioVersion = 16.0.31019.35
MinimumVisualStudioVersion = 10.0.40219.1
Project("{FAE04EC0-301F-11D3-BF4B-00C04F79EFBC}") = "MvcAzure", "MvcAzure\MvcAzure.csproj", "{FC120EFE-7A35-4BB0-B137-D0E9DB0FCA7E}"
EndProject
Global
	GlobalSection(SolutionConfigurationPlatforms) = preSolution
		Debug|Any CPU = Debug|Any CPU
		Release|Any CPU = Release|Any CPU
	EndGlobalSection
	GlobalSection(ProjectConfigurationPlatforms) = postSolution
		{FC120EFE-7A35-4BB0-B137-D0E9DB0FCA7E}.Debug|Any CPU.ActiveCfg = Debug|Any CPU
		{FC120EFE-7A35-4BB0-B137-D0E9DB0FCA7E}.Debug|Any CPU.Build.0 = Debug|Any CPU
		{FC120EFE-7A35-4BB0-B137-D0E9DB0FCA7E}.Release|Any CPU.ActiveCfg = Release|Any CPU
		{FC120EFE-7A35-4BB0-B137-D0E9DB0FCA7E}.Release|Any CPU.Build.0 = Release|Any CPU
	EndGlobalSection
	GlobalSection(SolutionProperties) = preSolution
		HideSolutionNode = FALSE
	EndGlobalSection
	GlobalSection(ExtensibilityGlobals) = postSolution
		SolutionGuid = {B4FCF4CB-F2B7-4835-B303-F6D264663284}
	EndGlobalSection
EndGlobal
